
Microsoft Visual Studio Solution File, Format Version 12.00
# Visual Studio Version 17
VisualStudioVersion = 17.6.33829.357
MinimumVisualStudioVersion = 10.0.40219.1
Project("{FAE04EC0-301F-11D3-BF4B-00C04F79EFBC}") = "useFromFunction", "useFromFunction\useFromFunction.csproj", "{273B4A02-2917-418F-8969-DA974621727E}"
EndProject
Global
	GlobalSection(SolutionConfigurationPlatforms) = preSolution
		Debug|Any CPU = Debug|Any CPU
		Release|Any CPU = Release|Any CPU
	EndGlobalSection
	GlobalSection(ProjectConfigurationPlatforms) = postSolution
		{273B4A02-2917-418F-8969-DA974621727E}.Debug|Any CPU.ActiveCfg = Debug|Any CPU
		{273B4A02-2917-418F-8969-DA974621727E}.Debug|Any CPU.Build.0 = Debug|Any CPU
		{273B4A02-2917-418F-8969-DA974621727E}.Release|Any CPU.ActiveCfg = Release|Any CPU
		{273B4A02-2917-418F-8969-DA974621727E}.Release|Any CPU.Build.0 = Release|Any CPU
	EndGlobalSection
	GlobalSection(SolutionProperties) = preSolution
		HideSolutionNode = FALSE
	EndGlobalSection
	GlobalSection(ExtensibilityGlobals) = postSolution
		SolutionGuid = {62FC3BF2-D8AF-4650-B635-8AD0840A5714}
	EndGlobalSection
EndGlobal
